// !$*UTF8*$!
{
	archiveVersion = 1;
	classes = {
	};
	objectVersion = 56;
	objects = {

/* Begin PBXBuildFile section */
		53BE3EC12A84AFB100597C80 /* AppDelegate.swift in Sources */ = {isa = PBXBuildFile; fileRef = 53BE3EC02A84AFB100597C80 /* AppDelegate.swift */; };
		53BE3EC52A84AFB100597C80 /* ViewController.swift in Sources */ = {isa = PBXBuildFile; fileRef = 53BE3EC42A84AFB100597C80 /* ViewController.swift */; };
		53BE3EC82A84AFB100597C80 /* Main.storyboard in Resources */ = {isa = PBXBuildFile; fileRef = 53BE3EC62A84AFB100597C80 /* Main.storyboard */; };
		53BE3ECA2A84AFB200597C80 /* Assets.xcassets in Resources */ = {isa = PBXBuildFile; fileRef = 53BE3EC92A84AFB200597C80 /* Assets.xcassets */; };
		53BE3ECD2A84AFB200597C80 /* LaunchScreen.storyboard in Resources */ = {isa = PBXBuildFile; fileRef = 53BE3ECB2A84AFB200597C80 /* LaunchScreen.storyboard */; };
		53BE3ED82A84AFB300597C80 /* StringToTextSizeTests.swift in Sources */ = {isa = PBXBuildFile; fileRef = 53BE3ED72A84AFB300597C80 /* StringToTextSizeTests.swift */; };
		53BE3EE22A84AFB300597C80 /* StringToTextSizeUITests.swift in Sources */ = {isa = PBXBuildFile; fileRef = 53BE3EE12A84AFB300597C80 /* StringToTextSizeUITests.swift */; };
		53BE3EE42A84AFB300597C80 /* StringToTextSizeUITestsLaunchTests.swift in Sources */ = {isa = PBXBuildFile; fileRef = 53BE3EE32A84AFB300597C80 /* StringToTextSizeUITestsLaunchTests.swift */; };
		53BE3EF52A84B07600597C80 /* String+Extension.swift in Sources */ = {isa = PBXBuildFile; fileRef = 53BE3EF42A84B07600597C80 /* String+Extension.swift */; };
/* End PBXBuildFile section */

/* Begin PBXContainerItemProxy section */
		53BE3ED42A84AFB300597C80 /* PBXContainerItemProxy */ = {
			isa = PBXContainerItemProxy;
			containerPortal = 53BE3EB52A84AFB100597C80 /* Project object */;
			proxyType = 1;
			remoteGlobalIDString = 53BE3EBC2A84AFB100597C80;
			remoteInfo = StringToTextSize;
		};
		53BE3EDE2A84AFB300597C80 /* PBXContainerItemProxy */ = {
			isa = PBXContainerItemProxy;
			containerPortal = 53BE3EB52A84AFB100597C80 /* Project object */;
			proxyType = 1;
			remoteGlobalIDString = 53BE3EBC2A84AFB100597C80;
			remoteInfo = StringToTextSize;
		};
/* End PBXContainerItemProxy section */

/* Begin PBXFileReference section */
		53BE3EBD2A84AFB100597C80 /* StringToTextSize.app */ = {isa = PBXFileReference; explicitFileType = wrapper.application; includeInIndex = 0; path = StringToTextSize.app; sourceTree = BUILT_PRODUCTS_DIR; };
		53BE3EC02A84AFB100597C80 /* AppDelegate.swift */ = {isa = PBXFileReference; lastKnownFileType = sourcecode.swift; path = AppDelegate.swift; sourceTree = "<group>"; };
		53BE3EC42A84AFB100597C80 /* ViewController.swift */ = {isa = PBXFileReference; lastKnownFileType = sourcecode.swift; path = ViewController.swift; sourceTree = "<group>"; };
		53BE3EC72A84AFB100597C80 /* Base */ = {isa = PBXFileReference; lastKnownFileType = file.storyboard; name = Base; path = Base.lproj/Main.storyboard; sourceTree = "<group>"; };
		53BE3EC92A84AFB200597C80 /* Assets.xcassets */ = {isa = PBXFileReference; lastKnownFileType = folder.assetcatalog; path = Assets.xcassets; sourceTree = "<group>"; };
		53BE3ECC2A84AFB200597C80 /* Base */ = {isa = PBXFileReference; lastKnownFileType = file.storyboard; name = Base; path = Base.lproj/LaunchScreen.storyboard; sourceTree = "<group>"; };
		53BE3ECE2A84AFB200597C80 /* Info.plist */ = {isa = PBXFileReference; lastKnownFileType = text.plist.xml; path = Info.plist; sourceTree = "<group>"; };
		53BE3ED32A84AFB300597C80 /* StringToTextSizeTests.xctest */ = {isa = PBXFileReference; explicitFileType = wrapper.cfbundle; includeInIndex = 0; path = StringToTextSizeTests.xctest; sourceTree = BUILT_PRODUCTS_DIR; };
		53BE3ED72A84AFB300597C80 /* StringToTextSizeTests.swift */ = {isa = PBXFileReference; lastKnownFileType = sourcecode.swift; path = StringToTextSizeTests.swift; sourceTree = "<group>"; };
		53BE3EDD2A84AFB300597C80 /* StringToTextSizeUITests.xctest */ = {isa = PBXFileReference; explicitFileType = wrapper.cfbundle; includeInIndex = 0; path = StringToTextSizeUITests.xctest; sourceTree = BUILT_PRODUCTS_DIR; };
		53BE3EE12A84AFB300597C80 /* StringToTextSizeUITests.swift */ = {isa = PBXFileReference; lastKnownFileType = sourcecode.swift; path = StringToTextSizeUITests.swift; sourceTree = "<group>"; };
		53BE3EE32A84AFB300597C80 /* StringToTextSizeUITestsLaunchTests.swift */ = {isa = PBXFileReference; lastKnownFileType = sourcecode.swift; path = StringToTextSizeUITestsLaunchTests.swift; sourceTree = "<group>"; };
		53BE3EF42A84B07600597C80 /* String+Extension.swift */ = {isa = PBXFileReference; lastKnownFileType = sourcecode.swift; path = "String+Extension.swift"; sourceTree = "<group>"; };
/* End PBXFileReference section */

/* Begin PBXFrameworksBuildPhase section */
		53BE3EBA2A84AFB100597C80 /* Frameworks */ = {
			isa = PBXFrameworksBuildPhase;
			buildActionMask = 2147483647;
			files = (
			);
			runOnlyForDeploymentPostprocessing = 0;
		};
		53BE3ED02A84AFB300597C80 /* Frameworks */ = {
			isa = PBXFrameworksBuildPhase;
			buildActionMask = 2147483647;
			files = (
			);
			runOnlyForDeploymentPostprocessing = 0;
		};
		53BE3EDA2A84AFB300597C80 /* Frameworks */ = {
			isa = PBXFrameworksBuildPhase;
			buildActionMask = 2147483647;
			files = (
			);
			runOnlyForDeploymentPostprocessing = 0;
		};
/* End PBXFrameworksBuildPhase section */

/* Begin PBXGroup section */
		53BE3EB42A84AFB100597C80 = {
			isa = PBXGroup;
			children = (
				53BE3EBF2A84AFB100597C80 /* StringToTextSize */,
				53BE3ED62A84AFB300597C80 /* StringToTextSizeTests */,
				53BE3EE02A84AFB300597C80 /* StringToTextSizeUITests */,
				53BE3EBE2A84AFB100597C80 /* Products */,
			);
			sourceTree = "<group>";
		};
		53BE3EBE2A84AFB100597C80 /* Products */ = {
			isa = PBXGroup;
			children = (
				53BE3EBD2A84AFB100597C80 /* StringToTextSize.app */,
				53BE3ED32A84AFB300597C80 /* StringToTextSizeTests.xctest */,
				53BE3EDD2A84AFB300597C80 /* StringToTextSizeUITests.xctest */,
			);
			name = Products;
			sourceTree = "<group>";
		};
		53BE3EBF2A84AFB100597C80 /* StringToTextSize */ = {
			isa = PBXGroup;
			children = (
				53BE3EF22A84AFCC00597C80 /* Storyboards */,
				53BE3EF12A84AFC600597C80 /* Resources */,
				53BE3EF02A84AFC000597C80 /* Scripts */,
			);
			path = StringToTextSize;
			sourceTree = "<group>";
		};
		53BE3ED62A84AFB300597C80 /* StringToTextSizeTests */ = {
			isa = PBXGroup;
			children = (
				53BE3ED72A84AFB300597C80 /* StringToTextSizeTests.swift */,
			);
			path = StringToTextSizeTests;
			sourceTree = "<group>";
		};
		53BE3EE02A84AFB300597C80 /* StringToTextSizeUITests */ = {
			isa = PBXGroup;
			children = (
				53BE3EE12A84AFB300597C80 /* StringToTextSizeUITests.swift */,
				53BE3EE32A84AFB300597C80 /* StringToTextSizeUITestsLaunchTests.swift */,
			);
			path = StringToTextSizeUITests;
			sourceTree = "<group>";
		};
		53BE3EF02A84AFC000597C80 /* Scripts */ = {
			isa = PBXGroup;
			children = (
				53BE3EF32A84B00B00597C80 /* Extensions */,
				53BE3EC02A84AFB100597C80 /* AppDelegate.swift */,
				53BE3EC42A84AFB100597C80 /* ViewController.swift */,
			);
			path = Scripts;
			sourceTree = "<group>";
		};
		53BE3EF12A84AFC600597C80 /* Resources */ = {
			isa = PBXGroup;
			children = (
				53BE3EC92A84AFB200597C80 /* Assets.xcassets */,
				53BE3ECE2A84AFB200597C80 /* Info.plist */,
			);
			path = Resources;
			sourceTree = "<group>";
		};
		53BE3EF22A84AFCC00597C80 /* Storyboards */ = {
			isa = PBXGroup;
			children = (
				53BE3EC62A84AFB100597C80 /* Main.storyboard */,
				53BE3ECB2A84AFB200597C80 /* LaunchScreen.storyboard */,
			);
			path = Storyboards;
			sourceTree = "<group>";
		};
		53BE3EF32A84B00B00597C80 /* Extensions */ = {
			isa = PBXGroup;
			children = (
				53BE3EF42A84B07600597C80 /* String+Extension.swift */,
			);
			path = Extensions;
			sourceTree = "<group>";
		};
/* End PBXGroup section */

/* Begin PBXNativeTarget section */
		53BE3EBC2A84AFB100597C80 /* StringToTextSize */ = {
			isa = PBXNativeTarget;
			buildConfigurationList = 53BE3EE72A84AFB300597C80 /* Build configuration list for PBXNativeTarget "StringToTextSize" */;
			buildPhases = (
				53BE3EB92A84AFB100597C80 /* Sources */,
				53BE3EBA2A84AFB100597C80 /* Frameworks */,
				53BE3EBB2A84AFB100597C80 /* Resources */,
			);
			buildRules = (
			);
			dependencies = (
			);
			name = StringToTextSize;
			productName = StringToTextSize;
			productReference = 53BE3EBD2A84AFB100597C80 /* StringToTextSize.app */;
			productType = "com.apple.product-type.application";
		};
		53BE3ED22A84AFB300597C80 /* StringToTextSizeTests */ = {
			isa = PBXNativeTarget;
			buildConfigurationList = 53BE3EEA2A84AFB300597C80 /* Build configuration list for PBXNativeTarget "StringToTextSizeTests" */;
			buildPhases = (
				53BE3ECF2A84AFB300597C80 /* Sources */,
				53BE3ED02A84AFB300597C80 /* Frameworks */,
				53BE3ED12A84AFB300597C80 /* Resources */,
			);
			buildRules = (
			);
			dependencies = (
				53BE3ED52A84AFB300597C80 /* PBXTargetDependency */,
			);
			name = StringToTextSizeTests;
			productName = StringToTextSizeTests;
			productReference = 53BE3ED32A84AFB300597C80 /* StringToTextSizeTests.xctest */;
			productType = "com.apple.product-type.bundle.unit-test";
		};
		53BE3EDC2A84AFB300597C80 /* StringToTextSizeUITests */ = {
			isa = PBXNativeTarget;
			buildConfigurationList = 53BE3EED2A84AFB300597C80 /* Build configuration list for PBXNativeTarget "StringToTextSizeUITests" */;
			buildPhases = (
				53BE3ED92A84AFB300597C80 /* Sources */,
				53BE3EDA2A84AFB300597C80 /* Frameworks */,
				53BE3EDB2A84AFB300597C80 /* Resources */,
			);
			buildRules = (
			);
			dependencies = (
				53BE3EDF2A84AFB300597C80 /* PBXTargetDependency */,
			);
			name = StringToTextSizeUITests;
			productName = StringToTextSizeUITests;
			productReference = 53BE3EDD2A84AFB300597C80 /* StringToTextSizeUITests.xctest */;
			productType = "com.apple.product-type.bundle.ui-testing";
		};
/* End PBXNativeTarget section */

/* Begin PBXProject section */
		53BE3EB52A84AFB100597C80 /* Project object */ = {
			isa = PBXProject;
			attributes = {
				BuildIndependentTargetsInParallel = 1;
				LastSwiftUpdateCheck = 1430;
				LastUpgradeCheck = 1430;
				TargetAttributes = {
					53BE3EBC2A84AFB100597C80 = {
						CreatedOnToolsVersion = 14.3;
					};
					53BE3ED22A84AFB300597C80 = {
						CreatedOnToolsVersion = 14.3;
						TestTargetID = 53BE3EBC2A84AFB100597C80;
					};
					53BE3EDC2A84AFB300597C80 = {
						CreatedOnToolsVersion = 14.3;
						TestTargetID = 53BE3EBC2A84AFB100597C80;
					};
				};
			};
			buildConfigurationList = 53BE3EB82A84AFB100597C80 /* Build configuration list for PBXProject "StringToTextSize" */;
			compatibilityVersion = "Xcode 14.0";
			developmentRegion = en;
			hasScannedForEncodings = 0;
			knownRegions = (
				en,
				Base,
			);
			mainGroup = 53BE3EB42A84AFB100597C80;
			productRefGroup = 53BE3EBE2A84AFB100597C80 /* Products */;
			projectDirPath = "";
			projectRoot = "";
			targets = (
				53BE3EBC2A84AFB100597C80 /* StringToTextSize */,
				53BE3ED22A84AFB300597C80 /* StringToTextSizeTests */,
				53BE3EDC2A84AFB300597C80 /* StringToTextSizeUITests */,
			);
		};
/* End PBXProject section */

/* Begin PBXResourcesBuildPhase section */
		53BE3EBB2A84AFB100597C80 /* Resources */ = {
			isa = PBXResourcesBuildPhase;
			buildActionMask = 2147483647;
			files = (
				53BE3ECD2A84AFB200597C80 /* LaunchScreen.storyboard in Resources */,
				53BE3ECA2A84AFB200597C80 /* Assets.xcassets in Resources */,
				53BE3EC82A84AFB100597C80 /* Main.storyboard in Resources */,
			);
			runOnlyForDeploymentPostprocessing = 0;
		};
		53BE3ED12A84AFB300597C80 /* Resources */ = {
			isa = PBXResourcesBuildPhase;
			buildActionMask = 2147483647;
			files = (
			);
			runOnlyForDeploymentPostprocessing = 0;
		};
		53BE3EDB2A84AFB300597C80 /* Resources */ = {
			isa = PBXResourcesBuildPhase;
			buildActionMask = 2147483647;
			files = (
			);
			runOnlyForDeploymentPostprocessing = 0;
		};
/* End PBXResourcesBuildPhase section */

/* Begin PBXSourcesBuildPhase section */
		53BE3EB92A84AFB100597C80 /* Sources */ = {
			isa = PBXSourcesBuildPhase;
			buildActionMask = 2147483647;
			files = (
				53BE3EC52A84AFB100597C80 /* ViewController.swift in Sources */,
				53BE3EF52A84B07600597C80 /* String+Extension.swift in Sources */,
				53BE3EC12A84AFB100597C80 /* AppDelegate.swift in Sources */,
			);
			runOnlyForDeploymentPostprocessing = 0;
		};
		53BE3ECF2A84AFB300597C80 /* Sources */ = {
			isa = PBXSourcesBuildPhase;
			buildActionMask = 2147483647;
			files = (
				53BE3ED82A84AFB300597C80 /* StringToTextSizeTests.swift in Sources */,
			);
			runOnlyForDeploymentPostprocessing = 0;
		};
		53BE3ED92A84AFB300597C80 /* Sources */ = {
			isa = PBXSourcesBuildPhase;
			buildActionMask = 2147483647;
			files = (
				53BE3EE42A84AFB300597C80 /* StringToTextSizeUITestsLaunchTests.swift in Sources */,
				53BE3EE22A84AFB300597C80 /* StringToTextSizeUITests.swift in Sources */,
			);
			runOnlyForDeploymentPostprocessing = 0;
		};
/* End PBXSourcesBuildPhase section */

/* Begin PBXTargetDependency section */
		53BE3ED52A84AFB300597C80 /* PBXTargetDependency */ = {
			isa = PBXTargetDependency;
			target = 53BE3EBC2A84AFB100597C80 /* StringToTextSize */;
			targetProxy = 53BE3ED42A84AFB300597C80 /* PBXContainerItemProxy */;
		};
		53BE3EDF2A84AFB300597C80 /* PBXTargetDependency */ = {
			isa = PBXTargetDependency;
			target = 53BE3EBC2A84AFB100597C80 /* StringToTextSize */;
			targetProxy = 53BE3EDE2A84AFB300597C80 /* PBXContainerItemProxy */;
		};
/* End PBXTargetDependency section */

/* Begin PBXVariantGroup section */
		53BE3EC62A84AFB100597C80 /* Main.storyboard */ = {
			isa = PBXVariantGroup;
			children = (
				53BE3EC72A84AFB100597C80 /* Base */,
			);
			name = Main.storyboard;
			sourceTree = "<group>";
		};
		53BE3ECB2A84AFB200597C80 /* LaunchScreen.storyboard */ = {
			isa = PBXVariantGroup;
			children = (
				53BE3ECC2A84AFB200597C80 /* Base */,
			);
			name = LaunchScreen.storyboard;
			sourceTree = "<group>";
		};
/* End PBXVariantGroup section */

/* Begin XCBuildConfiguration section */
		53BE3EE52A84AFB300597C80 /* Debug */ = {
			isa = XCBuildConfiguration;
			buildSettings = {
				ALWAYS_SEARCH_USER_PATHS = NO;
				CLANG_ANALYZER_NONNULL = YES;
				CLANG_ANALYZER_NUMBER_OBJECT_CONVERSION = YES_AGGRESSIVE;
				CLANG_CXX_LANGUAGE_STANDARD = "gnu++20";
				CLANG_ENABLE_MODULES = YES;
				CLANG_ENABLE_OBJC_ARC = YES;
				CLANG_ENABLE_OBJC_WEAK = YES;
				CLANG_WARN_BLOCK_CAPTURE_AUTORELEASING = YES;
				CLANG_WARN_BOOL_CONVERSION = YES;
				CLANG_WARN_COMMA = YES;
				CLANG_WARN_CONSTANT_CONVERSION = YES;
				CLANG_WARN_DEPRECATED_OBJC_IMPLEMENTATIONS = YES;
				CLANG_WARN_DIRECT_OBJC_ISA_USAGE = YES_ERROR;
				CLANG_WARN_DOCUMENTATION_COMMENTS = YES;
				CLANG_WARN_EMPTY_BODY = YES;
				CLANG_WARN_ENUM_CONVERSION = YES;
				CLANG_WARN_INFINITE_RECURSION = YES;
				CLANG_WARN_INT_CONVERSION = YES;
				CLANG_WARN_NON_LITERAL_NULL_CONVERSION = YES;
				CLANG_WARN_OBJC_IMPLICIT_RETAIN_SELF = YES;
				CLANG_WARN_OBJC_LITERAL_CONVERSION = YES;
				CLANG_WARN_OBJC_ROOT_CLASS = YES_ERROR;
				CLANG_WARN_QUOTED_INCLUDE_IN_FRAMEWORK_HEADER = YES;
				CLANG_WARN_RANGE_LOOP_ANALYSIS = YES;
				CLANG_WARN_STRICT_PROTOTYPES = YES;
				CLANG_WARN_SUSPICIOUS_MOVE = YES;
				CLANG_WARN_UNGUARDED_AVAILABILITY = YES_AGGRESSIVE;
				CLANG_WARN_UNREACHABLE_CODE = YES;
				CLANG_WARN__DUPLICATE_METHOD_MATCH = YES;
				COPY_PHASE_STRIP = NO;
				DEBUG_INFORMATION_FORMAT = dwarf;
				ENABLE_STRICT_OBJC_MSGSEND = YES;
				ENABLE_TESTABILITY = YES;
				GCC_C_LANGUAGE_STANDARD = gnu11;
				GCC_DYNAMIC_NO_PIC = NO;
				GCC_NO_COMMON_BLOCKS = YES;
				GCC_OPTIMIZATION_LEVEL = 0;
				GCC_PREPROCESSOR_DEFINITIONS = (
					"DEBUG=1",
					"$(inherited)",
				);
				GCC_WARN_64_TO_32_BIT_CONVERSION = YES;
				GCC_WARN_ABOUT_RETURN_TYPE = YES_ERROR;
				GCC_WARN_UNDECLARED_SELECTOR = YES;
				GCC_WARN_UNINITIALIZED_AUTOS = YES_AGGRESSIVE;
				GCC_WARN_UNUSED_FUNCTION = YES;
				GCC_WARN_UNUSED_VARIABLE = YES;
				IPHONEOS_DEPLOYMENT_TARGET = 16.4;
				MTL_ENABLE_DEBUG_INFO = INCLUDE_SOURCE;
				MTL_FAST_MATH = YES;
				ONLY_ACTIVE_ARCH = YES;
				SDKROOT = iphoneos;
				SWIFT_ACTIVE_COMPILATION_CONDITIONS = DEBUG;
				SWIFT_OPTIMIZATION_LEVEL = "-Onone";
			};
			name = Debug;
		};
		53BE3EE62A84AFB300597C80 /* Release */ = {
			isa = XCBuildConfiguration;
			buildSettings = {
				ALWAYS_SEARCH_USER_PATHS = NO;
				CLANG_ANALYZER_NONNULL = YES;
				CLANG_ANALYZER_NUMBER_OBJECT_CONVERSION = YES_AGGRESSIVE;
				CLANG_CXX_LANGUAGE_STANDARD = "gnu++20";
				CLANG_ENABLE_MODULES = YES;
				CLANG_ENABLE_OBJC_ARC = YES;
				CLANG_ENABLE_OBJC_WEAK = YES;
				CLANG_WARN_BLOCK_CAPTURE_AUTORELEASING = YES;
				CLANG_WARN_BOOL_CONVERSION = YES;
				CLANG_WARN_COMMA = YES;
				CLANG_WARN_CONSTANT_CONVERSION = YES;
				CLANG_WARN_DEPRECATED_OBJC_IMPLEMENTATIONS = YES;
				CLANG_WARN_DIRECT_OBJC_ISA_USAGE = YES_ERROR;
				CLANG_WARN_DOCUMENTATION_COMMENTS = YES;
				CLANG_WARN_EMPTY_BODY = YES;
				CLANG_WARN_ENUM_CONVERSION = YES;
				CLANG_WARN_INFINITE_RECURSION = YES;
				CLANG_WARN_INT_CONVERSION = YES;
				CLANG_WARN_NON_LITERAL_NULL_CONVERSION = YES;
				CLANG_WARN_OBJC_IMPLICIT_RETAIN_SELF = YES;
				CLANG_WARN_OBJC_LITERAL_CONVERSION = YES;
				CLANG_WARN_OBJC_ROOT_CLASS = YES_ERROR;
				CLANG_WARN_QUOTED_INCLUDE_IN_FRAMEWORK_HEADER = YES;
				CLANG_WARN_RANGE_LOOP_ANALYSIS = YES;
				CLANG_WARN_STRICT_PROTOTYPES = YES;
				CLANG_WARN_SUSPICIOUS_MOVE = YES;
				CLANG_WARN_UNGUARDED_AVAILABILITY = YES_AGGRESSIVE;
				CLANG_WARN_UNREACHABLE_CODE = YES;
				CLANG_WARN__DUPLICATE_METHOD_MATCH = YES;
				COPY_PHASE_STRIP = NO;
				DEBUG_INFORMATION_FORMAT = "dwarf-with-dsym";
				ENABLE_NS_ASSERTIONS = NO;
				ENABLE_STRICT_OBJC_MSGSEND = YES;
				GCC_C_LANGUAGE_STANDARD = gnu11;
				GCC_NO_COMMON_BLOCKS = YES;
				GCC_WARN_64_TO_32_BIT_CONVERSION = YES;
				GCC_WARN_ABOUT_RETURN_TYPE = YES_ERROR;
				GCC_WARN_UNDECLARED_SELECTOR = YES;
				GCC_WARN_UNINITIALIZED_AUTOS = YES_AGGRESSIVE;
				GCC_WARN_UNUSED_FUNCTION = YES;
				GCC_WARN_UNUSED_VARIABLE = YES;
				IPHONEOS_DEPLOYMENT_TARGET = 16.4;
				MTL_ENABLE_DEBUG_INFO = NO;
				MTL_FAST_MATH = YES;
				SDKROOT = iphoneos;
				SWIFT_COMPILATION_MODE = wholemodule;
				SWIFT_OPTIMIZATION_LEVEL = "-O";
				VALIDATE_PRODUCT = YES;
			};
			name = Release;
		};
		53BE3EE82A84AFB300597C80 /* Debug */ = {
			isa = XCBuildConfiguration;
			buildSettings = {
				ASSETCATALOG_COMPILER_APPICON_NAME = AppIcon;
				ASSETCATALOG_COMPILER_GLOBAL_ACCENT_COLOR_NAME = AccentColor;
				CODE_SIGN_STYLE = Automatic;
				CURRENT_PROJECT_VERSION = 1;
				DEVELOPMENT_TEAM = 952NHA938Y;
				GENERATE_INFOPLIST_FILE = YES;
				INFOPLIST_FILE = StringToTextSize/Resources/Info.plist;
				INFOPLIST_KEY_UIApplicationSupportsIndirectInputEvents = YES;
				INFOPLIST_KEY_UILaunchStoryboardName = LaunchScreen;
				INFOPLIST_KEY_UIMainStoryboardFile = Main;
				INFOPLIST_KEY_UISupportedInterfaceOrientations_iPad = "UIInterfaceOrientationPortrait UIInterfaceOrientationPortraitUpsideDown UIInterfaceOrientationLandscapeLeft UIInterfaceOrientationLandscapeRight";
				INFOPLIST_KEY_UISupportedInterfaceOrientations_iPhone = "UIInterfaceOrientationPortrait UIInterfaceOrientationLandscapeLeft UIInterfaceOrientationLandscapeRight";
				LD_RUNPATH_SEARCH_PATHS = (
					"$(inherited)",
					"@executable_path/Frameworks",
				);
				MARKETING_VERSION = 1.0;
				PRODUCT_BUNDLE_IDENTIFIER = jp.co.kobayashi.StringToTextSize;
				PRODUCT_NAME = "$(TARGET_NAME)";
				SWIFT_EMIT_LOC_STRINGS = YES;
				SWIFT_VERSION = 5.0;
				TARGETED_DEVICE_FAMILY = "1,2";
			};
			name = Debug;
		};
		53BE3EE92A84AFB300597C80 /* Release */ = {
			isa = XCBuildConfiguration;
			buildSettings = {
				ASSETCATALOG_COMPILER_APPICON_NAME = AppIcon;
				ASSETCATALOG_COMPILER_GLOBAL_ACCENT_COLOR_NAME = AccentColor;
				CODE_SIGN_STYLE = Automatic;
				CURRENT_PROJECT_VERSION = 1;
				DEVELOPMENT_TEAM = 952NHA938Y;
				GENERATE_INFOPLIST_FILE = YES;
				INFOPLIST_FILE = StringToTextSize/Resources/Info.plist;
				INFOPLIST_KEY_UIApplicationSupportsIndirectInputEvents = YES;
				INFOPLIST_KEY_UILaunchStoryboardName = LaunchScreen;
				INFOPLIST_KEY_UIMainStoryboardFile = Main;
				INFOPLIST_KEY_UISupportedInterfaceOrientations_iPad = "UIInterfaceOrientationPortrait UIInterfaceOrientationPortraitUpsideDown UIInterfaceOrientationLandscapeLeft UIInterfaceOrientationLandscapeRight";
				INFOPLIST_KEY_UISupportedInterfaceOrientations_iPhone = "UIInterfaceOrientationPortrait UIInterfaceOrientationLandscapeLeft UIInterfaceOrientationLandscapeRight";
				LD_RUNPATH_SEARCH_PATHS = (
					"$(inherited)",
					"@executable_path/Frameworks",
				);
				MARKETING_VERSION = 1.0;
				PRODUCT_BUNDLE_IDENTIFIER = jp.co.kobayashi.StringToTextSize;
				PRODUCT_NAME = "$(TARGET_NAME)";
				SWIFT_EMIT_LOC_STRINGS = YES;
				SWIFT_VERSION = 5.0;
				TARGETED_DEVICE_FAMILY = "1,2";
			};
			name = Release;
		};
		53BE3EEB2A84AFB300597C80 /* Debug */ = {
			isa = XCBuildConfiguration;
			buildSettings = {
				ALWAYS_EMBED_SWIFT_STANDARD_LIBRARIES = YES;
				BUNDLE_LOADER = "$(TEST_HOST)";
				CODE_SIGN_STYLE = Automatic;
				CURRENT_PROJECT_VERSION = 1;
				DEVELOPMENT_TEAM = 952NHA938Y;
				GENERATE_INFOPLIST_FILE = YES;
				IPHONEOS_DEPLOYMENT_TARGET = 16.4;
				MARKETING_VERSION = 1.0;
				PRODUCT_BUNDLE_IDENTIFIER = jp.co.kobayashi.StringToTextSizeTests;
				PRODUCT_NAME = "$(TARGET_NAME)";
				SWIFT_EMIT_LOC_STRINGS = NO;
				SWIFT_VERSION = 5.0;
				TARGETED_DEVICE_FAMILY = "1,2";
				TEST_HOST = "$(BUILT_PRODUCTS_DIR)/StringToTextSize.app/$(BUNDLE_EXECUTABLE_FOLDER_PATH)/StringToTextSize";
			};
			name = Debug;
		};
		53BE3EEC2A84AFB300597C80 /* Release */ = {
			isa = XCBuildConfiguration;
			buildSettings = {
				ALWAYS_EMBED_SWIFT_STANDARD_LIBRARIES = YES;
				BUNDLE_LOADER = "$(TEST_HOST)";
				CODE_SIGN_STYLE = Automatic;
				CURRENT_PROJECT_VERSION = 1;
				DEVELOPMENT_TEAM = 952NHA938Y;
				GENERATE_INFOPLIST_FILE = YES;
				IPHONEOS_DEPLOYMENT_TARGET = 16.4;
				MARKETING_VERSION = 1.0;
				PRODUCT_BUNDLE_IDENTIFIER = jp.co.kobayashi.StringToTextSizeTests;
				PRODUCT_NAME = "$(TARGET_NAME)";
				SWIFT_EMIT_LOC_STRINGS = NO;
				SWIFT_VERSION = 5.0;
				TARGETED_DEVICE_FAMILY = "1,2";
				TEST_HOST = "$(BUILT_PRODUCTS_DIR)/StringToTextSize.app/$(BUNDLE_EXECUTABLE_FOLDER_PATH)/StringToTextSize";
			};
			name = Release;
		};
		53BE3EEE2A84AFB300597C80 /* Debug */ = {
			isa = XCBuildConfiguration;
			buildSettings = {
				ALWAYS_EMBED_SWIFT_STANDARD_LIBRARIES = YES;
				CODE_SIGN_STYLE = Automatic;
				CURRENT_PROJECT_VERSION = 1;
				DEVELOPMENT_TEAM = 952NHA938Y;
				GENERATE_INFOPLIST_FILE = YES;
				MARKETING_VERSION = 1.0;
				PRODUCT_BUNDLE_IDENTIFIER = jp.co.kobayashi.StringToTextSizeUITests;
				PRODUCT_NAME = "$(TARGET_NAME)";
				SWIFT_EMIT_LOC_STRINGS = NO;
				SWIFT_VERSION = 5.0;
				TARGETED_DEVICE_FAMILY = "1,2";
				TEST_TARGET_NAME = StringToTextSize;
			};
			name = Debug;
		};
		53BE3EEF2A84AFB300597C80 /* Release */ = {
			isa = XCBuildConfiguration;
			buildSettings = {
				ALWAYS_EMBED_SWIFT_STANDARD_LIBRARIES = YES;
				CODE_SIGN_STYLE = Automatic;
				CURRENT_PROJECT_VERSION = 1;
				DEVELOPMENT_TEAM = 952NHA938Y;
				GENERATE_INFOPLIST_FILE = YES;
				MARKETING_VERSION = 1.0;
				PRODUCT_BUNDLE_IDENTIFIER = jp.co.kobayashi.StringToTextSizeUITests;
				PRODUCT_NAME = "$(TARGET_NAME)";
				SWIFT_EMIT_LOC_STRINGS = NO;
				SWIFT_VERSION = 5.0;
				TARGETED_DEVICE_FAMILY = "1,2";
				TEST_TARGET_NAME = StringToTextSize;
			};
			name = Release;
		};
/* End XCBuildConfiguration section */

/* Begin XCConfigurationList section */
		53BE3EB82A84AFB100597C80 /* Build configuration list for PBXProject "StringToTextSize" */ = {
			isa = XCConfigurationList;
			buildConfigurations = (
				53BE3EE52A84AFB300597C80 /* Debug */,
				53BE3EE62A84AFB300597C80 /* Release */,
			);
			defaultConfigurationIsVisible = 0;
			defaultConfigurationName = Release;
		};
		53BE3EE72A84AFB300597C80 /* Build configuration list for PBXNativeTarget "StringToTextSize" */ = {
			isa = XCConfigurationList;
			buildConfigurations = (
				53BE3EE82A84AFB300597C80 /* Debug */,
				53BE3EE92A84AFB300597C80 /* Release */,
			);
			defaultConfigurationIsVisible = 0;
			defaultConfigurationName = Release;
		};
		53BE3EEA2A84AFB300597C80 /* Build configuration list for PBXNativeTarget "StringToTextSizeTests" */ = {
			isa = XCConfigurationList;
			buildConfigurations = (
				53BE3EEB2A84AFB300597C80 /* Debug */,
				53BE3EEC2A84AFB300597C80 /* Release */,
			);
			defaultConfigurationIsVisible = 0;
			defaultConfigurationName = Release;
		};
		53BE3EED2A84AFB300597C80 /* Build configuration list for PBXNativeTarget "StringToTextSizeUITests" */ = {
			isa = XCConfigurationList;
			buildConfigurations = (
				53BE3EEE2A84AFB300597C80 /* Debug */,
				53BE3EEF2A84AFB300597C80 /* Release */,
			);
			defaultConfigurationIsVisible = 0;
			defaultConfigurationName = Release;
		};
/* End XCConfigurationList section */
	};
	rootObject = 53BE3EB52A84AFB100597C80 /* Project object */;
}
